
Microsoft Visual Studio Solution File, Format Version 12.00
# Visual Studio Version 16
VisualStudioVersion = 16.0.30611.23
MinimumVisualStudioVersion = 10.0.40219.1
Project("{9A19103F-16F7-4668-BE54-9A1E7A4F7556}") = "dotNet5781_00_1038_0685", "dotNet5781_00_1038_0685\dotNet5781_00_1038_0685.csproj", "{ADB1E908-ECDB-4590-946C-1EC375C82711}"
EndProject
Project("{FAE04EC0-301F-11D3-BF4B-00C04F79EFBC}") = "dotNet5781_01_1038_0685", "..\dotNet5781_01_1038_0685\dotNet5781_01_1038_0685.csproj", "{53A5B9C6-982C-4FB0-AB62-176CA7BB633F}"
EndProject
Project("{FAE04EC0-301F-11D3-BF4B-00C04F79EFBC}") = "dotNet5781_02_1038_0685", "dotNet5781_02_1038_0685\dotNet5781_02_1038_0685.csproj", "{E36C383D-037F-435B-AB43-F8C599D42EB7}"
EndProject
Project("{FAE04EC0-301F-11D3-BF4B-00C04F79EFBC}") = "dotNet5781_03a_1038_0685", "..\dotNet5781_03a_1038_0685\dotNet5781_03a_1038_0685.csproj", "{7B48C6D8-F4DB-482D-87BD-379E23210D9E}"
EndProject
Project("{FAE04EC0-301F-11D3-BF4B-00C04F79EFBC}") = "dotNet5781_03b_1038_0685", "..\dotNet5781_03b_1038_0685\dotNet5781_03b_1038_0685.csproj", "{6C2BC3C2-ED2F-4329-AE3D-0B1B69AE3578}"
EndProject
Global
	GlobalSection(SolutionConfigurationPlatforms) = preSolution
		Debug|Any CPU = Debug|Any CPU
		Debug|x64 = Debug|x64
		Debug|x86 = Debug|x86
		Release|Any CPU = Release|Any CPU
		Release|x64 = Release|x64
		Release|x86 = Release|x86
	EndGlobalSection
	GlobalSection(ProjectConfigurationPlatforms) = postSolution
		{ADB1E908-ECDB-4590-946C-1EC375C82711}.Debug|Any CPU.ActiveCfg = Debug|Any CPU
		{ADB1E908-ECDB-4590-946C-1EC375C82711}.Debug|Any CPU.Build.0 = Debug|Any CPU
		{ADB1E908-ECDB-4590-946C-1EC375C82711}.Debug|x64.ActiveCfg = Debug|x64
		{ADB1E908-ECDB-4590-946C-1EC375C82711}.Debug|x64.Build.0 = Debug|x64
		{ADB1E908-ECDB-4590-946C-1EC375C82711}.Debug|x86.ActiveCfg = Debug|x86
		{ADB1E908-ECDB-4590-946C-1EC375C82711}.Debug|x86.Build.0 = Debug|x86
		{ADB1E908-ECDB-4590-946C-1EC375C82711}.Release|Any CPU.ActiveCfg = Release|Any CPU
		{ADB1E908-ECDB-4590-946C-1EC375C82711}.Release|Any CPU.Build.0 = Release|Any CPU
		{ADB1E908-ECDB-4590-946C-1EC375C82711}.Release|x64.ActiveCfg = Release|x64
		{ADB1E908-ECDB-4590-946C-1EC375C82711}.Release|x64.Build.0 = Release|x64
		{ADB1E908-ECDB-4590-946C-1EC375C82711}.Release|x86.ActiveCfg = Release|x86
		{ADB1E908-ECDB-4590-946C-1EC375C82711}.Release|x86.Build.0 = Release|x86
		{53A5B9C6-982C-4FB0-AB62-176CA7BB633F}.Debug|Any CPU.ActiveCfg = Debug|Any CPU
		{53A5B9C6-982C-4FB0-AB62-176CA7BB633F}.Debug|Any CPU.Build.0 = Debug|Any CPU
		{53A5B9C6-982C-4FB0-AB62-176CA7BB633F}.Debug|x64.ActiveCfg = Debug|x64
		{53A5B9C6-982C-4FB0-AB62-176CA7BB633F}.Debug|x64.Build.0 = Debug|x64
		{53A5B9C6-982C-4FB0-AB62-176CA7BB633F}.Debug|x86.ActiveCfg = Debug|x86
		{53A5B9C6-982C-4FB0-AB62-176CA7BB633F}.Debug|x86.Build.0 = Debug|x86
		{53A5B9C6-982C-4FB0-AB62-176CA7BB633F}.Release|Any CPU.ActiveCfg = Release|Any CPU
		{53A5B9C6-982C-4FB0-AB62-176CA7BB633F}.Release|Any CPU.Build.0 = Release|Any CPU
		{53A5B9C6-982C-4FB0-AB62-176CA7BB633F}.Release|x64.ActiveCfg = Release|x64
		{53A5B9C6-982C-4FB0-AB62-176CA7BB633F}.Release|x64.Build.0 = Release|x64
		{53A5B9C6-982C-4FB0-AB62-176CA7BB633F}.Release|x86.ActiveCfg = Release|x86
		{53A5B9C6-982C-4FB0-AB62-176CA7BB633F}.Release|x86.Build.0 = Release|x86
		{E36C383D-037F-435B-AB43-F8C599D42EB7}.Debug|Any CPU.ActiveCfg = Debug|Any CPU
		{E36C383D-037F-435B-AB43-F8C599D42EB7}.Debug|Any CPU.Build.0 = Debug|Any CPU
		{E36C383D-037F-435B-AB43-F8C599D42EB7}.Debug|x64.ActiveCfg = Debug|x64
		{E36C383D-037F-435B-AB43-F8C599D42EB7}.Debug|x64.Build.0 = Debug|x64
		{E36C383D-037F-435B-AB43-F8C599D42EB7}.Debug|x86.ActiveCfg = Debug|x86
		{E36C383D-037F-435B-AB43-F8C599D42EB7}.Debug|x86.Build.0 = Debug|x86
		{E36C383D-037F-435B-AB43-F8C599D42EB7}.Release|Any CPU.ActiveCfg = Release|Any CPU
		{E36C383D-037F-435B-AB43-F8C599D42EB7}.Release|Any CPU.Build.0 = Release|Any CPU
		{E36C383D-037F-435B-AB43-F8C599D42EB7}.Release|x64.ActiveCfg = Release|x64
		{E36C383D-037F-435B-AB43-F8C599D42EB7}.Release|x64.Build.0 = Release|x64
		{E36C383D-037F-435B-AB43-F8C599D42EB7}.Release|x86.ActiveCfg = Release|x86
		{E36C383D-037F-435B-AB43-F8C599D42EB7}.Release|x86.Build.0 = Release|x86
		{7B48C6D8-F4DB-482D-87BD-379E23210D9E}.Debug|Any CPU.ActiveCfg = Debug|Any CPU
		{7B48C6D8-F4DB-482D-87BD-379E23210D9E}.Debug|Any CPU.Build.0 = Debug|Any CPU
		{7B48C6D8-F4DB-482D-87BD-379E23210D9E}.Debug|x64.ActiveCfg = Debug|x64
		{7B48C6D8-F4DB-482D-87BD-379E23210D9E}.Debug|x64.Build.0 = Debug|x64
		{7B48C6D8-F4DB-482D-87BD-379E23210D9E}.Debug|x86.ActiveCfg = Debug|x86
		{7B48C6D8-F4DB-482D-87BD-379E23210D9E}.Debug|x86.Build.0 = Debug|x86
		{7B48C6D8-F4DB-482D-87BD-379E23210D9E}.Release|Any CPU.ActiveCfg = Release|Any CPU
		{7B48C6D8-F4DB-482D-87BD-379E23210D9E}.Release|Any CPU.Build.0 = Release|Any CPU
		{7B48C6D8-F4DB-482D-87BD-379E23210D9E}.Release|x64.ActiveCfg = Release|x64
		{7B48C6D8-F4DB-482D-87BD-379E23210D9E}.Release|x64.Build.0 = Release|x64
		{7B48C6D8-F4DB-482D-87BD-379E23210D9E}.Release|x86.ActiveCfg = Release|x86
		{7B48C6D8-F4DB-482D-87BD-379E23210D9E}.Release|x86.Build.0 = Release|x86
		{6C2BC3C2-ED2F-4329-AE3D-0B1B69AE3578}.Debug|Any CPU.ActiveCfg = Debug|Any CPU
		{6C2BC3C2-ED2F-4329-AE3D-0B1B69AE3578}.Debug|Any CPU.Build.0 = Debug|Any CPU
		{6C2BC3C2-ED2F-4329-AE3D-0B1B69AE3578}.Debug|x64.ActiveCfg = Debug|x64
		{6C2BC3C2-ED2F-4329-AE3D-0B1B69AE3578}.Debug|x64.Build.0 = Debug|x64
		{6C2BC3C2-ED2F-4329-AE3D-0B1B69AE3578}.Debug|x86.ActiveCfg = Debug|x86
		{6C2BC3C2-ED2F-4329-AE3D-0B1B69AE3578}.Debug|x86.Build.0 = Debug|x86
		{6C2BC3C2-ED2F-4329-AE3D-0B1B69AE3578}.Release|Any CPU.ActiveCfg = Release|Any CPU
		{6C2BC3C2-ED2F-4329-AE3D-0B1B69AE3578}.Release|Any CPU.Build.0 = Release|Any CPU
		{6C2BC3C2-ED2F-4329-AE3D-0B1B69AE3578}.Release|x64.ActiveCfg = Release|x64
		{6C2BC3C2-ED2F-4329-AE3D-0B1B69AE3578}.Release|x64.Build.0 = Release|x64
		{6C2BC3C2-ED2F-4329-AE3D-0B1B69AE3578}.Release|x86.ActiveCfg = Release|x86
		{6C2BC3C2-ED2F-4329-AE3D-0B1B69AE3578}.Release|x86.Build.0 = Release|x86
	EndGlobalSection
	GlobalSection(SolutionProperties) = preSolution
		HideSolutionNode = FALSE
	EndGlobalSection
	GlobalSection(ExtensibilityGlobals) = postSolution
		SolutionGuid = {73E01461-0020-48EB-A7A6-CF3CC5447A2A}
	EndGlobalSection
EndGlobal
