
Microsoft Visual Studio Solution File, Format Version 12.00
# Visual Studio Version 16
VisualStudioVersion = 16.0.30611.23
MinimumVisualStudioVersion = 10.0.40219.1
Project("{9A19103F-16F7-4668-BE54-9A1E7A4F7556}") = "dotNet5781_00_1038_0685", "dotNet5781_00_1038_0685\dotNet5781_00_1038_0685.csproj", "{ADB1E908-ECDB-4590-946C-1EC375C82711}"
EndProject
Project("{FAE04EC0-301F-11D3-BF4B-00C04F79EFBC}") = "dotNet5781_01_1038_0685", "..\dotNet5781_01_1038_0685\dotNet5781_01_1038_0685.csproj", "{53A5B9C6-982C-4FB0-AB62-176CA7BB633F}"
EndProject
Project("{FAE04EC0-301F-11D3-BF4B-00C04F79EFBC}") = "dotNet5781_02_1038_0685", "dotNet5781_02_1038_0685\dotNet5781_02_1038_0685.csproj", "{E36C383D-037F-435B-AB43-F8C599D42EB7}"
EndProject
Project("{FAE04EC0-301F-11D3-BF4B-00C04F79EFBC}") = "dotNet5781_03a_1038_0685", "..\dotNet5781_03a_1038_0685\dotNet5781_03a_1038_0685.csproj", "{7B48C6D8-F4DB-482D-87BD-379E23210D9E}"
EndProject
Project("{FAE04EC0-301F-11D3-BF4B-00C04F79EFBC}") = "dotNet5781_03b_1038_0685", "..\dotNet5781_03b_1038_0685\dotNet5781_03b_1038_0685.csproj", "{6C2BC3C2-ED2F-4329-AE3D-0B1B69AE3578}"
EndProject
Project("{FAE04EC0-301F-11D3-BF4B-00C04F79EFBC}") = "DLApi", "DLApi\DLApi.csproj", "{FA640085-E3A4-407A-8B69-DC8831D2DD9F}"
EndProject
Project("{2150E333-8FDC-42A3-9474-1A3956D46DE8}") = "DL", "DL", "{E4AE7C14-FD15-45C2-972D-B1650BA64F4F}"
EndProject
Project("{FAE04EC0-301F-11D3-BF4B-00C04F79EFBC}") = "DS", "..\project\DL\DS\DS\DS\DS.csproj", "{08F62454-0F8E-4D4D-B35B-F15C4974BFBA}"
EndProject
Project("{2150E333-8FDC-42A3-9474-1A3956D46DE8}") = "project", "project", "{ACDC63F0-35FF-4CAD-A752-7E62485D5D6B}"
EndProject
Project("{2150E333-8FDC-42A3-9474-1A3956D46DE8}") = "exersis", "exersis", "{7FFE5375-4CA1-4EA9-8A95-616372A294BC}"
EndProject
Project("{2150E333-8FDC-42A3-9474-1A3956D46DE8}") = "configuration", "configuration", "{1628FB02-D544-4714-B9FA-60522D2C5601}"
	ProjectSection(SolutionItems) = preProject
		..\..\..\..\..\Desktop\windows_project\3TA_Sample-main\3TA_Sample-main\bin\config.xml = ..\..\..\..\..\Desktop\windows_project\3TA_Sample-main\3TA_Sample-main\bin\config.xml
	EndProjectSection
EndProject
Project("{FAE04EC0-301F-11D3-BF4B-00C04F79EFBC}") = "DLObject", "..\DLObject\DLObject.csproj", "{CC744C90-48E7-4EBC-9B8E-FF12C8E30413}"
EndProject
Project("{2150E333-8FDC-42A3-9474-1A3956D46DE8}") = "BL", "BL", "{57F4DD97-1143-4DD0-B42D-6989E6590D59}"
EndProject
Project("{FAE04EC0-301F-11D3-BF4B-00C04F79EFBC}") = "BL", "..\BL\BL.csproj", "{306D7E8C-A199-4B12-8A36-D89B80AC975E}"
EndProject
Project("{2150E333-8FDC-42A3-9474-1A3956D46DE8}") = "PL", "PL", "{3F5E50D8-4882-488B-A575-8820117E8022}"
EndProject
Project("{FAE04EC0-301F-11D3-BF4B-00C04F79EFBC}") = "PLGui", "PLGui\PLGui.csproj", "{C65D0097-3645-4FE0-9C0F-9DF57FDA7D2E}"
EndProject
Project("{FAE04EC0-301F-11D3-BF4B-00C04F79EFBC}") = "PO", "PO\PO.csproj", "{AD9A0280-23A5-436A-B974-4FBA7A7BB1F2}"
EndProject
Global
	GlobalSection(SolutionConfigurationPlatforms) = preSolution
		Debug|Any CPU = Debug|Any CPU
		Debug|x64 = Debug|x64
		Debug|x86 = Debug|x86
		Release|Any CPU = Release|Any CPU
		Release|x64 = Release|x64
		Release|x86 = Release|x86
	EndGlobalSection
	GlobalSection(ProjectConfigurationPlatforms) = postSolution
		{ADB1E908-ECDB-4590-946C-1EC375C82711}.Debug|Any CPU.ActiveCfg = Debug|Any CPU
		{ADB1E908-ECDB-4590-946C-1EC375C82711}.Debug|Any CPU.Build.0 = Debug|Any CPU
		{ADB1E908-ECDB-4590-946C-1EC375C82711}.Debug|x64.ActiveCfg = Debug|x64
		{ADB1E908-ECDB-4590-946C-1EC375C82711}.Debug|x64.Build.0 = Debug|x64
		{ADB1E908-ECDB-4590-946C-1EC375C82711}.Debug|x86.ActiveCfg = Debug|x86
		{ADB1E908-ECDB-4590-946C-1EC375C82711}.Debug|x86.Build.0 = Debug|x86
		{ADB1E908-ECDB-4590-946C-1EC375C82711}.Release|Any CPU.ActiveCfg = Release|Any CPU
		{ADB1E908-ECDB-4590-946C-1EC375C82711}.Release|Any CPU.Build.0 = Release|Any CPU
		{ADB1E908-ECDB-4590-946C-1EC375C82711}.Release|x64.ActiveCfg = Release|x64
		{ADB1E908-ECDB-4590-946C-1EC375C82711}.Release|x64.Build.0 = Release|x64
		{ADB1E908-ECDB-4590-946C-1EC375C82711}.Release|x86.ActiveCfg = Release|x86
		{ADB1E908-ECDB-4590-946C-1EC375C82711}.Release|x86.Build.0 = Release|x86
		{53A5B9C6-982C-4FB0-AB62-176CA7BB633F}.Debug|Any CPU.ActiveCfg = Debug|Any CPU
		{53A5B9C6-982C-4FB0-AB62-176CA7BB633F}.Debug|Any CPU.Build.0 = Debug|Any CPU
		{53A5B9C6-982C-4FB0-AB62-176CA7BB633F}.Debug|x64.ActiveCfg = Debug|x64
		{53A5B9C6-982C-4FB0-AB62-176CA7BB633F}.Debug|x64.Build.0 = Debug|x64
		{53A5B9C6-982C-4FB0-AB62-176CA7BB633F}.Debug|x86.ActiveCfg = Debug|x86
		{53A5B9C6-982C-4FB0-AB62-176CA7BB633F}.Debug|x86.Build.0 = Debug|x86
		{53A5B9C6-982C-4FB0-AB62-176CA7BB633F}.Release|Any CPU.ActiveCfg = Release|Any CPU
		{53A5B9C6-982C-4FB0-AB62-176CA7BB633F}.Release|Any CPU.Build.0 = Release|Any CPU
		{53A5B9C6-982C-4FB0-AB62-176CA7BB633F}.Release|x64.ActiveCfg = Release|x64
		{53A5B9C6-982C-4FB0-AB62-176CA7BB633F}.Release|x64.Build.0 = Release|x64
		{53A5B9C6-982C-4FB0-AB62-176CA7BB633F}.Release|x86.ActiveCfg = Release|x86
		{53A5B9C6-982C-4FB0-AB62-176CA7BB633F}.Release|x86.Build.0 = Release|x86
		{E36C383D-037F-435B-AB43-F8C599D42EB7}.Debug|Any CPU.ActiveCfg = Debug|Any CPU
		{E36C383D-037F-435B-AB43-F8C599D42EB7}.Debug|Any CPU.Build.0 = Debug|Any CPU
		{E36C383D-037F-435B-AB43-F8C599D42EB7}.Debug|x64.ActiveCfg = Debug|x64
		{E36C383D-037F-435B-AB43-F8C599D42EB7}.Debug|x64.Build.0 = Debug|x64
		{E36C383D-037F-435B-AB43-F8C599D42EB7}.Debug|x86.ActiveCfg = Debug|x86
		{E36C383D-037F-435B-AB43-F8C599D42EB7}.Debug|x86.Build.0 = Debug|x86
		{E36C383D-037F-435B-AB43-F8C599D42EB7}.Release|Any CPU.ActiveCfg = Release|Any CPU
		{E36C383D-037F-435B-AB43-F8C599D42EB7}.Release|Any CPU.Build.0 = Release|Any CPU
		{E36C383D-037F-435B-AB43-F8C599D42EB7}.Release|x64.ActiveCfg = Release|x64
		{E36C383D-037F-435B-AB43-F8C599D42EB7}.Release|x64.Build.0 = Release|x64
		{E36C383D-037F-435B-AB43-F8C599D42EB7}.Release|x86.ActiveCfg = Release|x86
		{E36C383D-037F-435B-AB43-F8C599D42EB7}.Release|x86.Build.0 = Release|x86
		{7B48C6D8-F4DB-482D-87BD-379E23210D9E}.Debug|Any CPU.ActiveCfg = Debug|Any CPU
		{7B48C6D8-F4DB-482D-87BD-379E23210D9E}.Debug|Any CPU.Build.0 = Debug|Any CPU
		{7B48C6D8-F4DB-482D-87BD-379E23210D9E}.Debug|x64.ActiveCfg = Debug|x64
		{7B48C6D8-F4DB-482D-87BD-379E23210D9E}.Debug|x64.Build.0 = Debug|x64
		{7B48C6D8-F4DB-482D-87BD-379E23210D9E}.Debug|x86.ActiveCfg = Debug|x86
		{7B48C6D8-F4DB-482D-87BD-379E23210D9E}.Debug|x86.Build.0 = Debug|x86
		{7B48C6D8-F4DB-482D-87BD-379E23210D9E}.Release|Any CPU.ActiveCfg = Release|Any CPU
		{7B48C6D8-F4DB-482D-87BD-379E23210D9E}.Release|Any CPU.Build.0 = Release|Any CPU
		{7B48C6D8-F4DB-482D-87BD-379E23210D9E}.Release|x64.ActiveCfg = Release|x64
		{7B48C6D8-F4DB-482D-87BD-379E23210D9E}.Release|x64.Build.0 = Release|x64
		{7B48C6D8-F4DB-482D-87BD-379E23210D9E}.Release|x86.ActiveCfg = Release|x86
		{7B48C6D8-F4DB-482D-87BD-379E23210D9E}.Release|x86.Build.0 = Release|x86
		{6C2BC3C2-ED2F-4329-AE3D-0B1B69AE3578}.Debug|Any CPU.ActiveCfg = Debug|Any CPU
		{6C2BC3C2-ED2F-4329-AE3D-0B1B69AE3578}.Debug|Any CPU.Build.0 = Debug|Any CPU
		{6C2BC3C2-ED2F-4329-AE3D-0B1B69AE3578}.Debug|x64.ActiveCfg = Debug|x64
		{6C2BC3C2-ED2F-4329-AE3D-0B1B69AE3578}.Debug|x64.Build.0 = Debug|x64
		{6C2BC3C2-ED2F-4329-AE3D-0B1B69AE3578}.Debug|x86.ActiveCfg = Debug|x86
		{6C2BC3C2-ED2F-4329-AE3D-0B1B69AE3578}.Debug|x86.Build.0 = Debug|x86
		{6C2BC3C2-ED2F-4329-AE3D-0B1B69AE3578}.Release|Any CPU.ActiveCfg = Release|Any CPU
		{6C2BC3C2-ED2F-4329-AE3D-0B1B69AE3578}.Release|Any CPU.Build.0 = Release|Any CPU
		{6C2BC3C2-ED2F-4329-AE3D-0B1B69AE3578}.Release|x64.ActiveCfg = Release|x64
		{6C2BC3C2-ED2F-4329-AE3D-0B1B69AE3578}.Release|x64.Build.0 = Release|x64
		{6C2BC3C2-ED2F-4329-AE3D-0B1B69AE3578}.Release|x86.ActiveCfg = Release|x86
		{6C2BC3C2-ED2F-4329-AE3D-0B1B69AE3578}.Release|x86.Build.0 = Release|x86
		{FA640085-E3A4-407A-8B69-DC8831D2DD9F}.Debug|Any CPU.ActiveCfg = Debug|Any CPU
		{FA640085-E3A4-407A-8B69-DC8831D2DD9F}.Debug|Any CPU.Build.0 = Debug|Any CPU
		{FA640085-E3A4-407A-8B69-DC8831D2DD9F}.Debug|x64.ActiveCfg = Debug|Any CPU
		{FA640085-E3A4-407A-8B69-DC8831D2DD9F}.Debug|x64.Build.0 = Debug|Any CPU
		{FA640085-E3A4-407A-8B69-DC8831D2DD9F}.Debug|x86.ActiveCfg = Debug|Any CPU
		{FA640085-E3A4-407A-8B69-DC8831D2DD9F}.Debug|x86.Build.0 = Debug|Any CPU
		{FA640085-E3A4-407A-8B69-DC8831D2DD9F}.Release|Any CPU.ActiveCfg = Release|Any CPU
		{FA640085-E3A4-407A-8B69-DC8831D2DD9F}.Release|Any CPU.Build.0 = Release|Any CPU
		{FA640085-E3A4-407A-8B69-DC8831D2DD9F}.Release|x64.ActiveCfg = Release|Any CPU
		{FA640085-E3A4-407A-8B69-DC8831D2DD9F}.Release|x64.Build.0 = Release|Any CPU
		{FA640085-E3A4-407A-8B69-DC8831D2DD9F}.Release|x86.ActiveCfg = Release|Any CPU
		{FA640085-E3A4-407A-8B69-DC8831D2DD9F}.Release|x86.Build.0 = Release|Any CPU
		{08F62454-0F8E-4D4D-B35B-F15C4974BFBA}.Debug|Any CPU.ActiveCfg = Debug|Any CPU
		{08F62454-0F8E-4D4D-B35B-F15C4974BFBA}.Debug|Any CPU.Build.0 = Debug|Any CPU
		{08F62454-0F8E-4D4D-B35B-F15C4974BFBA}.Debug|x64.ActiveCfg = Debug|Any CPU
		{08F62454-0F8E-4D4D-B35B-F15C4974BFBA}.Debug|x64.Build.0 = Debug|Any CPU
		{08F62454-0F8E-4D4D-B35B-F15C4974BFBA}.Debug|x86.ActiveCfg = Debug|Any CPU
		{08F62454-0F8E-4D4D-B35B-F15C4974BFBA}.Debug|x86.Build.0 = Debug|Any CPU
		{08F62454-0F8E-4D4D-B35B-F15C4974BFBA}.Release|Any CPU.ActiveCfg = Release|Any CPU
		{08F62454-0F8E-4D4D-B35B-F15C4974BFBA}.Release|Any CPU.Build.0 = Release|Any CPU
		{08F62454-0F8E-4D4D-B35B-F15C4974BFBA}.Release|x64.ActiveCfg = Release|Any CPU
		{08F62454-0F8E-4D4D-B35B-F15C4974BFBA}.Release|x64.Build.0 = Release|Any CPU
		{08F62454-0F8E-4D4D-B35B-F15C4974BFBA}.Release|x86.ActiveCfg = Release|Any CPU
		{08F62454-0F8E-4D4D-B35B-F15C4974BFBA}.Release|x86.Build.0 = Release|Any CPU
		{CC744C90-48E7-4EBC-9B8E-FF12C8E30413}.Debug|Any CPU.ActiveCfg = Debug|Any CPU
		{CC744C90-48E7-4EBC-9B8E-FF12C8E30413}.Debug|Any CPU.Build.0 = Debug|Any CPU
		{CC744C90-48E7-4EBC-9B8E-FF12C8E30413}.Debug|x64.ActiveCfg = Debug|Any CPU
		{CC744C90-48E7-4EBC-9B8E-FF12C8E30413}.Debug|x64.Build.0 = Debug|Any CPU
		{CC744C90-48E7-4EBC-9B8E-FF12C8E30413}.Debug|x86.ActiveCfg = Debug|Any CPU
		{CC744C90-48E7-4EBC-9B8E-FF12C8E30413}.Debug|x86.Build.0 = Debug|Any CPU
		{CC744C90-48E7-4EBC-9B8E-FF12C8E30413}.Release|Any CPU.ActiveCfg = Release|Any CPU
		{CC744C90-48E7-4EBC-9B8E-FF12C8E30413}.Release|Any CPU.Build.0 = Release|Any CPU
		{CC744C90-48E7-4EBC-9B8E-FF12C8E30413}.Release|x64.ActiveCfg = Release|Any CPU
		{CC744C90-48E7-4EBC-9B8E-FF12C8E30413}.Release|x64.Build.0 = Release|Any CPU
		{CC744C90-48E7-4EBC-9B8E-FF12C8E30413}.Release|x86.ActiveCfg = Release|Any CPU
		{CC744C90-48E7-4EBC-9B8E-FF12C8E30413}.Release|x86.Build.0 = Release|Any CPU
		{306D7E8C-A199-4B12-8A36-D89B80AC975E}.Debug|Any CPU.ActiveCfg = Debug|Any CPU
		{306D7E8C-A199-4B12-8A36-D89B80AC975E}.Debug|Any CPU.Build.0 = Debug|Any CPU
		{306D7E8C-A199-4B12-8A36-D89B80AC975E}.Debug|x64.ActiveCfg = Debug|Any CPU
		{306D7E8C-A199-4B12-8A36-D89B80AC975E}.Debug|x64.Build.0 = Debug|Any CPU
		{306D7E8C-A199-4B12-8A36-D89B80AC975E}.Debug|x86.ActiveCfg = Debug|Any CPU
		{306D7E8C-A199-4B12-8A36-D89B80AC975E}.Debug|x86.Build.0 = Debug|Any CPU
		{306D7E8C-A199-4B12-8A36-D89B80AC975E}.Release|Any CPU.ActiveCfg = Release|Any CPU
		{306D7E8C-A199-4B12-8A36-D89B80AC975E}.Release|Any CPU.Build.0 = Release|Any CPU
		{306D7E8C-A199-4B12-8A36-D89B80AC975E}.Release|x64.ActiveCfg = Release|Any CPU
		{306D7E8C-A199-4B12-8A36-D89B80AC975E}.Release|x64.Build.0 = Release|Any CPU
		{306D7E8C-A199-4B12-8A36-D89B80AC975E}.Release|x86.ActiveCfg = Release|Any CPU
		{306D7E8C-A199-4B12-8A36-D89B80AC975E}.Release|x86.Build.0 = Release|Any CPU
		{C65D0097-3645-4FE0-9C0F-9DF57FDA7D2E}.Debug|Any CPU.ActiveCfg = Debug|Any CPU
		{C65D0097-3645-4FE0-9C0F-9DF57FDA7D2E}.Debug|Any CPU.Build.0 = Debug|Any CPU
		{C65D0097-3645-4FE0-9C0F-9DF57FDA7D2E}.Debug|x64.ActiveCfg = Debug|Any CPU
		{C65D0097-3645-4FE0-9C0F-9DF57FDA7D2E}.Debug|x64.Build.0 = Debug|Any CPU
		{C65D0097-3645-4FE0-9C0F-9DF57FDA7D2E}.Debug|x86.ActiveCfg = Debug|Any CPU
		{C65D0097-3645-4FE0-9C0F-9DF57FDA7D2E}.Debug|x86.Build.0 = Debug|Any CPU
		{C65D0097-3645-4FE0-9C0F-9DF57FDA7D2E}.Release|Any CPU.ActiveCfg = Release|Any CPU
		{C65D0097-3645-4FE0-9C0F-9DF57FDA7D2E}.Release|Any CPU.Build.0 = Release|Any CPU
		{C65D0097-3645-4FE0-9C0F-9DF57FDA7D2E}.Release|x64.ActiveCfg = Release|Any CPU
		{C65D0097-3645-4FE0-9C0F-9DF57FDA7D2E}.Release|x64.Build.0 = Release|Any CPU
		{C65D0097-3645-4FE0-9C0F-9DF57FDA7D2E}.Release|x86.ActiveCfg = Release|Any CPU
		{C65D0097-3645-4FE0-9C0F-9DF57FDA7D2E}.Release|x86.Build.0 = Release|Any CPU
		{AD9A0280-23A5-436A-B974-4FBA7A7BB1F2}.Debug|Any CPU.ActiveCfg = Debug|Any CPU
		{AD9A0280-23A5-436A-B974-4FBA7A7BB1F2}.Debug|Any CPU.Build.0 = Debug|Any CPU
		{AD9A0280-23A5-436A-B974-4FBA7A7BB1F2}.Debug|x64.ActiveCfg = Debug|Any CPU
		{AD9A0280-23A5-436A-B974-4FBA7A7BB1F2}.Debug|x64.Build.0 = Debug|Any CPU
		{AD9A0280-23A5-436A-B974-4FBA7A7BB1F2}.Debug|x86.ActiveCfg = Debug|Any CPU
		{AD9A0280-23A5-436A-B974-4FBA7A7BB1F2}.Debug|x86.Build.0 = Debug|Any CPU
		{AD9A0280-23A5-436A-B974-4FBA7A7BB1F2}.Release|Any CPU.ActiveCfg = Release|Any CPU
		{AD9A0280-23A5-436A-B974-4FBA7A7BB1F2}.Release|Any CPU.Build.0 = Release|Any CPU
		{AD9A0280-23A5-436A-B974-4FBA7A7BB1F2}.Release|x64.ActiveCfg = Release|Any CPU
		{AD9A0280-23A5-436A-B974-4FBA7A7BB1F2}.Release|x64.Build.0 = Release|Any CPU
		{AD9A0280-23A5-436A-B974-4FBA7A7BB1F2}.Release|x86.ActiveCfg = Release|Any CPU
		{AD9A0280-23A5-436A-B974-4FBA7A7BB1F2}.Release|x86.Build.0 = Release|Any CPU
	EndGlobalSection
	GlobalSection(SolutionProperties) = preSolution
		HideSolutionNode = FALSE
	EndGlobalSection
	GlobalSection(NestedProjects) = preSolution
		{ADB1E908-ECDB-4590-946C-1EC375C82711} = {7FFE5375-4CA1-4EA9-8A95-616372A294BC}
		{53A5B9C6-982C-4FB0-AB62-176CA7BB633F} = {7FFE5375-4CA1-4EA9-8A95-616372A294BC}
		{E36C383D-037F-435B-AB43-F8C599D42EB7} = {7FFE5375-4CA1-4EA9-8A95-616372A294BC}
		{7B48C6D8-F4DB-482D-87BD-379E23210D9E} = {7FFE5375-4CA1-4EA9-8A95-616372A294BC}
		{6C2BC3C2-ED2F-4329-AE3D-0B1B69AE3578} = {7FFE5375-4CA1-4EA9-8A95-616372A294BC}
		{FA640085-E3A4-407A-8B69-DC8831D2DD9F} = {E4AE7C14-FD15-45C2-972D-B1650BA64F4F}
		{E4AE7C14-FD15-45C2-972D-B1650BA64F4F} = {ACDC63F0-35FF-4CAD-A752-7E62485D5D6B}
		{08F62454-0F8E-4D4D-B35B-F15C4974BFBA} = {E4AE7C14-FD15-45C2-972D-B1650BA64F4F}
		{CC744C90-48E7-4EBC-9B8E-FF12C8E30413} = {E4AE7C14-FD15-45C2-972D-B1650BA64F4F}
		{57F4DD97-1143-4DD0-B42D-6989E6590D59} = {ACDC63F0-35FF-4CAD-A752-7E62485D5D6B}
		{306D7E8C-A199-4B12-8A36-D89B80AC975E} = {57F4DD97-1143-4DD0-B42D-6989E6590D59}
		{3F5E50D8-4882-488B-A575-8820117E8022} = {ACDC63F0-35FF-4CAD-A752-7E62485D5D6B}
		{C65D0097-3645-4FE0-9C0F-9DF57FDA7D2E} = {3F5E50D8-4882-488B-A575-8820117E8022}
		{AD9A0280-23A5-436A-B974-4FBA7A7BB1F2} = {3F5E50D8-4882-488B-A575-8820117E8022}
	EndGlobalSection
	GlobalSection(ExtensibilityGlobals) = postSolution
		SolutionGuid = {73E01461-0020-48EB-A7A6-CF3CC5447A2A}
	EndGlobalSection
EndGlobal
