
Microsoft Visual Studio Solution File, Format Version 12.00
# Visual Studio Version 16
VisualStudioVersion = 16.0.30611.23
MinimumVisualStudioVersion = 10.0.40219.1
Project("{FAE04EC0-301F-11D3-BF4B-00C04F79EFBC}") = "dotNet5781_00_1038_0685", "dotNet5781_00_1038_0685\dotNet5781_00_1038_0685.csproj", "{ADB1E908-ECDB-4590-946C-1EC375C82711}"
EndProject
Global
	GlobalSection(SolutionConfigurationPlatforms) = preSolution
		Debug|Any CPU = Debug|Any CPU
		Release|Any CPU = Release|Any CPU
	EndGlobalSection
	GlobalSection(ProjectConfigurationPlatforms) = postSolution
		{ADB1E908-ECDB-4590-946C-1EC375C82711}.Debug|Any CPU.ActiveCfg = Debug|Any CPU
		{ADB1E908-ECDB-4590-946C-1EC375C82711}.Debug|Any CPU.Build.0 = Debug|Any CPU
		{ADB1E908-ECDB-4590-946C-1EC375C82711}.Release|Any CPU.ActiveCfg = Release|Any CPU
		{ADB1E908-ECDB-4590-946C-1EC375C82711}.Release|Any CPU.Build.0 = Release|Any CPU
	EndGlobalSection
	GlobalSection(SolutionProperties) = preSolution
		HideSolutionNode = FALSE
	EndGlobalSection
	GlobalSection(ExtensibilityGlobals) = postSolution
		SolutionGuid = {73E01461-0020-48EB-A7A6-CF3CC5447A2A}
	EndGlobalSection
EndGlobal
